// !$*UTF8*$!
{
	archiveVersion = 1;
	classes = {
	};
	objectVersion = 50;
	objects = {

/* Begin PBXBuildFile section */
		B18D3B5724844DF60053754C /* AppDelegate.swift in Sources */ = {isa = PBXBuildFile; fileRef = B18D3B5624844DF60053754C /* AppDelegate.swift */; };
		B18D3B5924844DF60053754C /* SceneDelegate.swift in Sources */ = {isa = PBXBuildFile; fileRef = B18D3B5824844DF60053754C /* SceneDelegate.swift */; };
		B18D3B5E24844DF60053754C /* Main.storyboard in Resources */ = {isa = PBXBuildFile; fileRef = B18D3B5C24844DF60053754C /* Main.storyboard */; };
		B18D3B6124844DF60053754C /* to_do_list.xcdatamodeld in Sources */ = {isa = PBXBuildFile; fileRef = B18D3B5F24844DF60053754C /* to_do_list.xcdatamodeld */; };
		B18D3B6324844DF90053754C /* Assets.xcassets in Resources */ = {isa = PBXBuildFile; fileRef = B18D3B6224844DF90053754C /* Assets.xcassets */; };
		B18D3B6624844DF90053754C /* LaunchScreen.storyboard in Resources */ = {isa = PBXBuildFile; fileRef = B18D3B6424844DF90053754C /* LaunchScreen.storyboard */; };
		B18D3B7124844DF90053754C /* to_do_listTests.swift in Sources */ = {isa = PBXBuildFile; fileRef = B18D3B7024844DF90053754C /* to_do_listTests.swift */; };
		B18D3B7E248450250053754C /* ToDoTableViewController.swift in Sources */ = {isa = PBXBuildFile; fileRef = B18D3B7D248450250053754C /* ToDoTableViewController.swift */; };
		B18D3B80248450610053754C /* ToDo.swift in Sources */ = {isa = PBXBuildFile; fileRef = B18D3B7F248450610053754C /* ToDo.swift */; };
		B1CDDE3D2484648A005BEDBE /* AddToDoViewController.swift in Sources */ = {isa = PBXBuildFile; fileRef = B1CDDE3C2484648A005BEDBE /* AddToDoViewController.swift */; };
		B1CDDE3F248467D8005BEDBE /* CompleteToDoViewController.swift in Sources */ = {isa = PBXBuildFile; fileRef = B1CDDE3E248467D8005BEDBE /* CompleteToDoViewController.swift */; };
/* End PBXBuildFile section */

/* Begin PBXContainerItemProxy section */
		B18D3B6D24844DF90053754C /* PBXContainerItemProxy */ = {
			isa = PBXContainerItemProxy;
			containerPortal = B18D3B4B24844DF60053754C /* Project object */;
			proxyType = 1;
			remoteGlobalIDString = B18D3B5224844DF60053754C;
			remoteInfo = to_do_list;
		};
/* End PBXContainerItemProxy section */

/* Begin PBXFileReference section */
		B18D3B5324844DF60053754C /* to_do_list.app */ = {isa = PBXFileReference; explicitFileType = wrapper.application; includeInIndex = 0; path = to_do_list.app; sourceTree = BUILT_PRODUCTS_DIR; };
		B18D3B5624844DF60053754C /* AppDelegate.swift */ = {isa = PBXFileReference; lastKnownFileType = sourcecode.swift; path = AppDelegate.swift; sourceTree = "<group>"; };
		B18D3B5824844DF60053754C /* SceneDelegate.swift */ = {isa = PBXFileReference; lastKnownFileType = sourcecode.swift; path = SceneDelegate.swift; sourceTree = "<group>"; };
		B18D3B5D24844DF60053754C /* Base */ = {isa = PBXFileReference; lastKnownFileType = file.storyboard; name = Base; path = Base.lproj/Main.storyboard; sourceTree = "<group>"; };
		B18D3B6024844DF60053754C /* to_do_list.xcdatamodel */ = {isa = PBXFileReference; lastKnownFileType = wrapper.xcdatamodel; path = to_do_list.xcdatamodel; sourceTree = "<group>"; };
		B18D3B6224844DF90053754C /* Assets.xcassets */ = {isa = PBXFileReference; lastKnownFileType = folder.assetcatalog; path = Assets.xcassets; sourceTree = "<group>"; };
		B18D3B6524844DF90053754C /* Base */ = {isa = PBXFileReference; lastKnownFileType = file.storyboard; name = Base; path = Base.lproj/LaunchScreen.storyboard; sourceTree = "<group>"; };
		B18D3B6724844DF90053754C /* Info.plist */ = {isa = PBXFileReference; lastKnownFileType = text.plist.xml; path = Info.plist; sourceTree = "<group>"; };
		B18D3B6C24844DF90053754C /* to_do_listTests.xctest */ = {isa = PBXFileReference; explicitFileType = wrapper.cfbundle; includeInIndex = 0; path = to_do_listTests.xctest; sourceTree = BUILT_PRODUCTS_DIR; };
		B18D3B7024844DF90053754C /* to_do_listTests.swift */ = {isa = PBXFileReference; lastKnownFileType = sourcecode.swift; path = to_do_listTests.swift; sourceTree = "<group>"; };
		B18D3B7224844DF90053754C /* Info.plist */ = {isa = PBXFileReference; lastKnownFileType = text.plist.xml; path = Info.plist; sourceTree = "<group>"; };
		B18D3B7D248450250053754C /* ToDoTableViewController.swift */ = {isa = PBXFileReference; lastKnownFileType = sourcecode.swift; path = ToDoTableViewController.swift; sourceTree = "<group>"; };
		B18D3B7F248450610053754C /* ToDo.swift */ = {isa = PBXFileReference; lastKnownFileType = sourcecode.swift; path = ToDo.swift; sourceTree = "<group>"; };
		B1CDDE3C2484648A005BEDBE /* AddToDoViewController.swift */ = {isa = PBXFileReference; lastKnownFileType = sourcecode.swift; path = AddToDoViewController.swift; sourceTree = "<group>"; };
		B1CDDE3E248467D8005BEDBE /* CompleteToDoViewController.swift */ = {isa = PBXFileReference; lastKnownFileType = sourcecode.swift; path = CompleteToDoViewController.swift; sourceTree = "<group>"; };
/* End PBXFileReference section */

/* Begin PBXFrameworksBuildPhase section */
		B18D3B5024844DF60053754C /* Frameworks */ = {
			isa = PBXFrameworksBuildPhase;
			buildActionMask = 2147483647;
			files = (
			);
			runOnlyForDeploymentPostprocessing = 0;
		};
		B18D3B6924844DF90053754C /* Frameworks */ = {
			isa = PBXFrameworksBuildPhase;
			buildActionMask = 2147483647;
			files = (
			);
			runOnlyForDeploymentPostprocessing = 0;
		};
/* End PBXFrameworksBuildPhase section */

/* Begin PBXGroup section */
		B18D3B4A24844DF60053754C = {
			isa = PBXGroup;
			children = (
				B18D3B5524844DF60053754C /* to_do_list */,
				B18D3B6F24844DF90053754C /* to_do_listTests */,
				B18D3B5424844DF60053754C /* Products */,
			);
			sourceTree = "<group>";
		};
		B18D3B5424844DF60053754C /* Products */ = {
			isa = PBXGroup;
			children = (
				B18D3B5324844DF60053754C /* to_do_list.app */,
				B18D3B6C24844DF90053754C /* to_do_listTests.xctest */,
			);
			name = Products;
			sourceTree = "<group>";
		};
		B18D3B5524844DF60053754C /* to_do_list */ = {
			isa = PBXGroup;
			children = (
				B18D3B5624844DF60053754C /* AppDelegate.swift */,
				B18D3B5824844DF60053754C /* SceneDelegate.swift */,
				B18D3B7D248450250053754C /* ToDoTableViewController.swift */,
				B1CDDE3C2484648A005BEDBE /* AddToDoViewController.swift */,
				B1CDDE3E248467D8005BEDBE /* CompleteToDoViewController.swift */,
				B18D3B5C24844DF60053754C /* Main.storyboard */,
				B18D3B6224844DF90053754C /* Assets.xcassets */,
				B18D3B6424844DF90053754C /* LaunchScreen.storyboard */,
				B18D3B6724844DF90053754C /* Info.plist */,
				B18D3B5F24844DF60053754C /* to_do_list.xcdatamodeld */,
				B18D3B7F248450610053754C /* ToDo.swift */,
			);
			path = to_do_list;
			sourceTree = "<group>";
		};
		B18D3B6F24844DF90053754C /* to_do_listTests */ = {
			isa = PBXGroup;
			children = (
				B18D3B7024844DF90053754C /* to_do_listTests.swift */,
				B18D3B7224844DF90053754C /* Info.plist */,
			);
			path = to_do_listTests;
			sourceTree = "<group>";
		};
/* End PBXGroup section */

/* Begin PBXNativeTarget section */
		B18D3B5224844DF60053754C /* to_do_list */ = {
			isa = PBXNativeTarget;
			buildConfigurationList = B18D3B7524844DF90053754C /* Build configuration list for PBXNativeTarget "to_do_list" */;
			buildPhases = (
				B18D3B4F24844DF60053754C /* Sources */,
				B18D3B5024844DF60053754C /* Frameworks */,
				B18D3B5124844DF60053754C /* Resources */,
			);
			buildRules = (
			);
			dependencies = (
			);
			name = to_do_list;
			productName = to_do_list;
			productReference = B18D3B5324844DF60053754C /* to_do_list.app */;
			productType = "com.apple.product-type.application";
		};
		B18D3B6B24844DF90053754C /* to_do_listTests */ = {
			isa = PBXNativeTarget;
			buildConfigurationList = B18D3B7824844DF90053754C /* Build configuration list for PBXNativeTarget "to_do_listTests" */;
			buildPhases = (
				B18D3B6824844DF90053754C /* Sources */,
				B18D3B6924844DF90053754C /* Frameworks */,
				B18D3B6A24844DF90053754C /* Resources */,
			);
			buildRules = (
			);
			dependencies = (
				B18D3B6E24844DF90053754C /* PBXTargetDependency */,
			);
			name = to_do_listTests;
			productName = to_do_listTests;
			productReference = B18D3B6C24844DF90053754C /* to_do_listTests.xctest */;
			productType = "com.apple.product-type.bundle.unit-test";
		};
/* End PBXNativeTarget section */

/* Begin PBXProject section */
		B18D3B4B24844DF60053754C /* Project object */ = {
			isa = PBXProject;
			attributes = {
				LastSwiftUpdateCheck = 1130;
				LastUpgradeCheck = 1130;
				ORGANIZATIONNAME = "Maria H";
				TargetAttributes = {
					B18D3B5224844DF60053754C = {
						CreatedOnToolsVersion = 11.3.1;
					};
					B18D3B6B24844DF90053754C = {
						CreatedOnToolsVersion = 11.3.1;
						TestTargetID = B18D3B5224844DF60053754C;
					};
				};
			};
			buildConfigurationList = B18D3B4E24844DF60053754C /* Build configuration list for PBXProject "to_do_list" */;
			compatibilityVersion = "Xcode 9.3";
			developmentRegion = en;
			hasScannedForEncodings = 0;
			knownRegions = (
				en,
				Base,
			);
			mainGroup = B18D3B4A24844DF60053754C;
			productRefGroup = B18D3B5424844DF60053754C /* Products */;
			projectDirPath = "";
			projectRoot = "";
			targets = (
				B18D3B5224844DF60053754C /* to_do_list */,
				B18D3B6B24844DF90053754C /* to_do_listTests */,
			);
		};
/* End PBXProject section */

/* Begin PBXResourcesBuildPhase section */
		B18D3B5124844DF60053754C /* Resources */ = {
			isa = PBXResourcesBuildPhase;
			buildActionMask = 2147483647;
			files = (
				B18D3B6624844DF90053754C /* LaunchScreen.storyboard in Resources */,
				B18D3B6324844DF90053754C /* Assets.xcassets in Resources */,
				B18D3B5E24844DF60053754C /* Main.storyboard in Resources */,
			);
			runOnlyForDeploymentPostprocessing = 0;
		};
		B18D3B6A24844DF90053754C /* Resources */ = {
			isa = PBXResourcesBuildPhase;
			buildActionMask = 2147483647;
			files = (
			);
			runOnlyForDeploymentPostprocessing = 0;
		};
/* End PBXResourcesBuildPhase section */

/* Begin PBXSourcesBuildPhase section */
		B18D3B4F24844DF60053754C /* Sources */ = {
			isa = PBXSourcesBuildPhase;
			buildActionMask = 2147483647;
			files = (
				B18D3B5724844DF60053754C /* AppDelegate.swift in Sources */,
				B18D3B80248450610053754C /* ToDo.swift in Sources */,
				B18D3B7E248450250053754C /* ToDoTableViewController.swift in Sources */,
				B1CDDE3F248467D8005BEDBE /* CompleteToDoViewController.swift in Sources */,
				B18D3B5924844DF60053754C /* SceneDelegate.swift in Sources */,
				B1CDDE3D2484648A005BEDBE /* AddToDoViewController.swift in Sources */,
				B18D3B6124844DF60053754C /* to_do_list.xcdatamodeld in Sources */,
			);
			runOnlyForDeploymentPostprocessing = 0;
		};
		B18D3B6824844DF90053754C /* Sources */ = {
			isa = PBXSourcesBuildPhase;
			buildActionMask = 2147483647;
			files = (
				B18D3B7124844DF90053754C /* to_do_listTests.swift in Sources */,
			);
			runOnlyForDeploymentPostprocessing = 0;
		};
/* End PBXSourcesBuildPhase section */

/* Begin PBXTargetDependency section */
		B18D3B6E24844DF90053754C /* PBXTargetDependency */ = {
			isa = PBXTargetDependency;
			target = B18D3B5224844DF60053754C /* to_do_list */;
			targetProxy = B18D3B6D24844DF90053754C /* PBXContainerItemProxy */;
		};
/* End PBXTargetDependency section */

/* Begin PBXVariantGroup section */
		B18D3B5C24844DF60053754C /* Main.storyboard */ = {
			isa = PBXVariantGroup;
			children = (
				B18D3B5D24844DF60053754C /* Base */,
			);
			name = Main.storyboard;
			sourceTree = "<group>";
		};
		B18D3B6424844DF90053754C /* LaunchScreen.storyboard */ = {
			isa = PBXVariantGroup;
			children = (
				B18D3B6524844DF90053754C /* Base */,
			);
			name = LaunchScreen.storyboard;
			sourceTree = "<group>";
		};
/* End PBXVariantGroup section */

/* Begin XCBuildConfiguration section */
		B18D3B7324844DF90053754C /* Debug */ = {
			isa = XCBuildConfiguration;
			buildSettings = {
				ALWAYS_SEARCH_USER_PATHS = NO;
				CLANG_ANALYZER_NONNULL = YES;
				CLANG_ANALYZER_NUMBER_OBJECT_CONVERSION = YES_AGGRESSIVE;
				CLANG_CXX_LANGUAGE_STANDARD = "gnu++14";
				CLANG_CXX_LIBRARY = "libc++";
				CLANG_ENABLE_MODULES = YES;
				CLANG_ENABLE_OBJC_ARC = YES;
				CLANG_ENABLE_OBJC_WEAK = YES;
				CLANG_WARN_BLOCK_CAPTURE_AUTORELEASING = YES;
				CLANG_WARN_BOOL_CONVERSION = YES;
				CLANG_WARN_COMMA = YES;
				CLANG_WARN_CONSTANT_CONVERSION = YES;
				CLANG_WARN_DEPRECATED_OBJC_IMPLEMENTATIONS = YES;
				CLANG_WARN_DIRECT_OBJC_ISA_USAGE = YES_ERROR;
				CLANG_WARN_DOCUMENTATION_COMMENTS = YES;
				CLANG_WARN_EMPTY_BODY = YES;
				CLANG_WARN_ENUM_CONVERSION = YES;
				CLANG_WARN_INFINITE_RECURSION = YES;
				CLANG_WARN_INT_CONVERSION = YES;
				CLANG_WARN_NON_LITERAL_NULL_CONVERSION = YES;
				CLANG_WARN_OBJC_IMPLICIT_RETAIN_SELF = YES;
				CLANG_WARN_OBJC_LITERAL_CONVERSION = YES;
				CLANG_WARN_OBJC_ROOT_CLASS = YES_ERROR;
				CLANG_WARN_RANGE_LOOP_ANALYSIS = YES;
				CLANG_WARN_STRICT_PROTOTYPES = YES;
				CLANG_WARN_SUSPICIOUS_MOVE = YES;
				CLANG_WARN_UNGUARDED_AVAILABILITY = YES_AGGRESSIVE;
				CLANG_WARN_UNREACHABLE_CODE = YES;
				CLANG_WARN__DUPLICATE_METHOD_MATCH = YES;
				COPY_PHASE_STRIP = NO;
				DEBUG_INFORMATION_FORMAT = dwarf;
				ENABLE_STRICT_OBJC_MSGSEND = YES;
				ENABLE_TESTABILITY = YES;
				GCC_C_LANGUAGE_STANDARD = gnu11;
				GCC_DYNAMIC_NO_PIC = NO;
				GCC_NO_COMMON_BLOCKS = YES;
				GCC_OPTIMIZATION_LEVEL = 0;
				GCC_PREPROCESSOR_DEFINITIONS = (
					"DEBUG=1",
					"$(inherited)",
				);
				GCC_WARN_64_TO_32_BIT_CONVERSION = YES;
				GCC_WARN_ABOUT_RETURN_TYPE = YES_ERROR;
				GCC_WARN_UNDECLARED_SELECTOR = YES;
				GCC_WARN_UNINITIALIZED_AUTOS = YES_AGGRESSIVE;
				GCC_WARN_UNUSED_FUNCTION = YES;
				GCC_WARN_UNUSED_VARIABLE = YES;
				IPHONEOS_DEPLOYMENT_TARGET = 13.2;
				MTL_ENABLE_DEBUG_INFO = INCLUDE_SOURCE;
				MTL_FAST_MATH = YES;
				ONLY_ACTIVE_ARCH = YES;
				SDKROOT = iphoneos;
				SWIFT_ACTIVE_COMPILATION_CONDITIONS = DEBUG;
				SWIFT_OPTIMIZATION_LEVEL = "-Onone";
			};
			name = Debug;
		};
		B18D3B7424844DF90053754C /* Release */ = {
			isa = XCBuildConfiguration;
			buildSettings = {
				ALWAYS_SEARCH_USER_PATHS = NO;
				CLANG_ANALYZER_NONNULL = YES;
				CLANG_ANALYZER_NUMBER_OBJECT_CONVERSION = YES_AGGRESSIVE;
				CLANG_CXX_LANGUAGE_STANDARD = "gnu++14";
				CLANG_CXX_LIBRARY = "libc++";
				CLANG_ENABLE_MODULES = YES;
				CLANG_ENABLE_OBJC_ARC = YES;
				CLANG_ENABLE_OBJC_WEAK = YES;
				CLANG_WARN_BLOCK_CAPTURE_AUTORELEASING = YES;
				CLANG_WARN_BOOL_CONVERSION = YES;
				CLANG_WARN_COMMA = YES;
				CLANG_WARN_CONSTANT_CONVERSION = YES;
				CLANG_WARN_DEPRECATED_OBJC_IMPLEMENTATIONS = YES;
				CLANG_WARN_DIRECT_OBJC_ISA_USAGE = YES_ERROR;
				CLANG_WARN_DOCUMENTATION_COMMENTS = YES;
				CLANG_WARN_EMPTY_BODY = YES;
				CLANG_WARN_ENUM_CONVERSION = YES;
				CLANG_WARN_INFINITE_RECURSION = YES;
				CLANG_WARN_INT_CONVERSION = YES;
				CLANG_WARN_NON_LITERAL_NULL_CONVERSION = YES;
				CLANG_WARN_OBJC_IMPLICIT_RETAIN_SELF = YES;
				CLANG_WARN_OBJC_LITERAL_CONVERSION = YES;
				CLANG_WARN_OBJC_ROOT_CLASS = YES_ERROR;
				CLANG_WARN_RANGE_LOOP_ANALYSIS = YES;
				CLANG_WARN_STRICT_PROTOTYPES = YES;
				CLANG_WARN_SUSPICIOUS_MOVE = YES;
				CLANG_WARN_UNGUARDED_AVAILABILITY = YES_AGGRESSIVE;
				CLANG_WARN_UNREACHABLE_CODE = YES;
				CLANG_WARN__DUPLICATE_METHOD_MATCH = YES;
				COPY_PHASE_STRIP = NO;
				DEBUG_INFORMATION_FORMAT = "dwarf-with-dsym";
				ENABLE_NS_ASSERTIONS = NO;
				ENABLE_STRICT_OBJC_MSGSEND = YES;
				GCC_C_LANGUAGE_STANDARD = gnu11;
				GCC_NO_COMMON_BLOCKS = YES;
				GCC_WARN_64_TO_32_BIT_CONVERSION = YES;
				GCC_WARN_ABOUT_RETURN_TYPE = YES_ERROR;
				GCC_WARN_UNDECLARED_SELECTOR = YES;
				GCC_WARN_UNINITIALIZED_AUTOS = YES_AGGRESSIVE;
				GCC_WARN_UNUSED_FUNCTION = YES;
				GCC_WARN_UNUSED_VARIABLE = YES;
				IPHONEOS_DEPLOYMENT_TARGET = 13.2;
				MTL_ENABLE_DEBUG_INFO = NO;
				MTL_FAST_MATH = YES;
				SDKROOT = iphoneos;
				SWIFT_COMPILATION_MODE = wholemodule;
				SWIFT_OPTIMIZATION_LEVEL = "-O";
				VALIDATE_PRODUCT = YES;
			};
			name = Release;
		};
		B18D3B7624844DF90053754C /* Debug */ = {
			isa = XCBuildConfiguration;
			buildSettings = {
				ASSETCATALOG_COMPILER_APPICON_NAME = AppIcon;
				CODE_SIGN_STYLE = Automatic;
				INFOPLIST_FILE = to_do_list/Info.plist;
				LD_RUNPATH_SEARCH_PATHS = (
					"$(inherited)",
					"@executable_path/Frameworks",
				);
				PRODUCT_BUNDLE_IDENTIFIER = "nameNew.to-do-list";
				PRODUCT_NAME = "$(TARGET_NAME)";
				SWIFT_VERSION = 5.0;
				TARGETED_DEVICE_FAMILY = "1,2";
			};
			name = Debug;
		};
		B18D3B7724844DF90053754C /* Release */ = {
			isa = XCBuildConfiguration;
			buildSettings = {
				ASSETCATALOG_COMPILER_APPICON_NAME = AppIcon;
				CODE_SIGN_STYLE = Automatic;
				INFOPLIST_FILE = to_do_list/Info.plist;
				LD_RUNPATH_SEARCH_PATHS = (
					"$(inherited)",
					"@executable_path/Frameworks",
				);
				PRODUCT_BUNDLE_IDENTIFIER = "nameNew.to-do-list";
				PRODUCT_NAME = "$(TARGET_NAME)";
				SWIFT_VERSION = 5.0;
				TARGETED_DEVICE_FAMILY = "1,2";
			};
			name = Release;
		};
		B18D3B7924844DF90053754C /* Debug */ = {
			isa = XCBuildConfiguration;
			buildSettings = {
				ALWAYS_EMBED_SWIFT_STANDARD_LIBRARIES = YES;
				BUNDLE_LOADER = "$(TEST_HOST)";
				CODE_SIGN_STYLE = Automatic;
				INFOPLIST_FILE = to_do_listTests/Info.plist;
				IPHONEOS_DEPLOYMENT_TARGET = 13.2;
				LD_RUNPATH_SEARCH_PATHS = (
					"$(inherited)",
					"@executable_path/Frameworks",
					"@loader_path/Frameworks",
				);
				PRODUCT_BUNDLE_IDENTIFIER = "nameNew.to-do-listTests";
				PRODUCT_NAME = "$(TARGET_NAME)";
				SWIFT_VERSION = 5.0;
				TARGETED_DEVICE_FAMILY = "1,2";
				TEST_HOST = "$(BUILT_PRODUCTS_DIR)/to_do_list.app/to_do_list";
			};
			name = Debug;
		};
		B18D3B7A24844DF90053754C /* Release */ = {
			isa = XCBuildConfiguration;
			buildSettings = {
				ALWAYS_EMBED_SWIFT_STANDARD_LIBRARIES = YES;
				BUNDLE_LOADER = "$(TEST_HOST)";
				CODE_SIGN_STYLE = Automatic;
				INFOPLIST_FILE = to_do_listTests/Info.plist;
				IPHONEOS_DEPLOYMENT_TARGET = 13.2;
				LD_RUNPATH_SEARCH_PATHS = (
					"$(inherited)",
					"@executable_path/Frameworks",
					"@loader_path/Frameworks",
				);
				PRODUCT_BUNDLE_IDENTIFIER = "nameNew.to-do-listTests";
				PRODUCT_NAME = "$(TARGET_NAME)";
				SWIFT_VERSION = 5.0;
				TARGETED_DEVICE_FAMILY = "1,2";
				TEST_HOST = "$(BUILT_PRODUCTS_DIR)/to_do_list.app/to_do_list";
			};
			name = Release;
		};
/* End XCBuildConfiguration section */

/* Begin XCConfigurationList section */
		B18D3B4E24844DF60053754C /* Build configuration list for PBXProject "to_do_list" */ = {
			isa = XCConfigurationList;
			buildConfigurations = (
				B18D3B7324844DF90053754C /* Debug */,
				B18D3B7424844DF90053754C /* Release */,
			);
			defaultConfigurationIsVisible = 0;
			defaultConfigurationName = Release;
		};
		B18D3B7524844DF90053754C /* Build configuration list for PBXNativeTarget "to_do_list" */ = {
			isa = XCConfigurationList;
			buildConfigurations = (
				B18D3B7624844DF90053754C /* Debug */,
				B18D3B7724844DF90053754C /* Release */,
			);
			defaultConfigurationIsVisible = 0;
			defaultConfigurationName = Release;
		};
		B18D3B7824844DF90053754C /* Build configuration list for PBXNativeTarget "to_do_listTests" */ = {
			isa = XCConfigurationList;
			buildConfigurations = (
				B18D3B7924844DF90053754C /* Debug */,
				B18D3B7A24844DF90053754C /* Release */,
			);
			defaultConfigurationIsVisible = 0;
			defaultConfigurationName = Release;
		};
/* End XCConfigurationList section */

/* Begin XCVersionGroup section */
		B18D3B5F24844DF60053754C /* to_do_list.xcdatamodeld */ = {
			isa = XCVersionGroup;
			children = (
				B18D3B6024844DF60053754C /* to_do_list.xcdatamodel */,
			);
			currentVersion = B18D3B6024844DF60053754C /* to_do_list.xcdatamodel */;
			path = to_do_list.xcdatamodeld;
			sourceTree = "<group>";
			versionGroupType = wrapper.xcdatamodel;
		};
/* End XCVersionGroup section */
	};
	rootObject = B18D3B4B24844DF60053754C /* Project object */;
}
